{
  "projects": [
    {
      "projectId": "oazA1YFPiZCNccrS5tDgY4",
      "version": "latest",
      "dependencies": {},
      "lang": "js",
      "fileLocks": [
        {
          "type": "globalVariant",
          "assetId": "x3o5Jg0GQTk",
          "checksum": "e34d5eb44526f53cfc49c3a351cc4d01"
        },
        {
          "assetId": "oazA1YFPiZCNccrS5tDgY4",
          "type": "projectCss",
          "checksum": "13f69c65fee3418d8ffde98bf29ad4e4"
        },
        {
          "type": "renderModule",
          "assetId": "DIWKlDbCaop",
          "checksum": "b05ac3b33654ab9f23cecadaffec641e"
        },
        {
          "type": "cssRules",
          "assetId": "DIWKlDbCaop",
          "checksum": "b05ac3b33654ab9f23cecadaffec641e"
        },
        {
          "type": "renderModule",
          "assetId": "aFWX1tNWFIs",
          "checksum": "8b04a1887a8d58e1bbce47ba7b2e8bee"
        },
        {
          "type": "cssRules",
          "assetId": "aFWX1tNWFIs",
          "checksum": "8b04a1887a8d58e1bbce47ba7b2e8bee"
        },
        {
          "type": "renderModule",
          "assetId": "nBTO5Pj6Yru",
          "checksum": "eb263a080eca5e7f106b1c4973821ab7"
        },
        {
          "type": "cssRules",
          "assetId": "nBTO5Pj6Yru",
          "checksum": "eb263a080eca5e7f106b1c4973821ab7"
        },
        {
          "type": "renderModule",
          "assetId": "sXlYIJb-6PO",
          "checksum": "3aa49ad3ef9eb5f691ad76bda044ebf1"
        },
        {
          "type": "cssRules",
          "assetId": "sXlYIJb-6PO",
          "checksum": "3aa49ad3ef9eb5f691ad76bda044ebf1"
        },
        {
          "type": "renderModule",
          "assetId": "5DyYDSyskKh",
          "checksum": "bbfa14f067adfc900d11c1c677f493ca"
        },
        {
          "type": "cssRules",
          "assetId": "5DyYDSyskKh",
          "checksum": "bbfa14f067adfc900d11c1c677f493ca"
        }
      ]
    }
  ],
  "cliVersion": "0.1.166"
}
