{
  "projects": [
    {
      "projectId": "oazA1YFPiZCNccrS5tDgY4",
      "version": "latest",
      "dependencies": {},
      "lang": "js",
      "fileLocks": [
        {
          "type": "globalVariant",
          "assetId": "x3o5Jg0GQTk",
          "checksum": "e34d5eb44526f53cfc49c3a351cc4d01"
        },
        {
          "type": "renderModule",
          "assetId": "DIWKlDbCaop",
          "checksum": "cb1428fda63eaf13923148befc7d8e52"
        },
        {
          "type": "cssRules",
          "assetId": "DIWKlDbCaop",
          "checksum": "cb1428fda63eaf13923148befc7d8e52"
        },
        {
          "type": "renderModule",
          "assetId": "aFWX1tNWFIs",
          "checksum": "34a8aebea943ee4f9f56e2ec42ddef2b"
        },
        {
          "type": "cssRules",
          "assetId": "aFWX1tNWFIs",
          "checksum": "34a8aebea943ee4f9f56e2ec42ddef2b"
        },
        {
          "type": "renderModule",
          "assetId": "nBTO5Pj6Yru",
          "checksum": "e5403be9b9058da99f7c9637ac6e1f8a"
        },
        {
          "type": "cssRules",
          "assetId": "nBTO5Pj6Yru",
          "checksum": "e5403be9b9058da99f7c9637ac6e1f8a"
        },
        {
          "type": "renderModule",
          "assetId": "sXlYIJb-6PO",
          "checksum": "aaad331d8bbf96a6dc0e7d0038c085b0"
        },
        {
          "type": "cssRules",
          "assetId": "sXlYIJb-6PO",
          "checksum": "aaad331d8bbf96a6dc0e7d0038c085b0"
        },
        {
          "type": "renderModule",
          "assetId": "5DyYDSyskKh",
          "checksum": "c74b0d6be52dfd44eaafb5c006373f73"
        },
        {
          "type": "cssRules",
          "assetId": "5DyYDSyskKh",
          "checksum": "c74b0d6be52dfd44eaafb5c006373f73"
        },
        {
          "assetId": "oazA1YFPiZCNccrS5tDgY4",
          "type": "projectCss",
          "checksum": "5153e0b55a6829b640824fdf0d2e3128"
        }
      ]
    }
  ],
  "cliVersion": "0.1.166"
}
